{
    "_readme": [
        "This file locks the dependencies of your project to a known state",
        "Read more about it at https://getcomposer.org/doc/01-basic-usage.md#composer-lock-the-lock-file",
        "This file is @generated automatically"
    ],
    "hash": "3ed271b9239d0c9d27fdb06fb8526006",
    "content-hash": "5ed3e21d95dd811b59172250993a188c",
    "packages": [
        {
            "name": "symfony/console",
            "version": "v2.7.0",
            "source": {
                "type": "git",
                "url": "https://github.com/symfony/console.git",
                "reference": "7f0bec04961c61c961df0cb8c2ae88dbfd83f399"
            },
            "dist": {
                "type": "zip",
                "url": "https://api.github.com/repos/symfony/console/zipball/7f0bec04961c61c961df0cb8c2ae88dbfd83f399",
                "reference": "7f0bec04961c61c961df0cb8c2ae88dbfd83f399",
                "shasum": ""
            },
            "require": {
                "php": ">=5.3.9"
            },
            "require-dev": {
                "psr/log": "~1.0",
                "symfony/event-dispatcher": "~2.1",
                "symfony/phpunit-bridge": "~2.7",
                "symfony/process": "~2.1"
            },
            "suggest": {
                "psr/log": "For using the console logger",
                "symfony/event-dispatcher": "",
                "symfony/process": ""
            },
            "type": "library",
            "extra": {
                "branch-alias": {
                    "dev-master": "2.7-dev"
                }
            },
            "autoload": {
                "psr-4": {
                    "Symfony\\Component\\Console\\": ""
                }
            },
            "notification-url": "https://packagist.org/downloads/",
            "license": [
                "MIT"
            ],
            "authors": [
                {
                    "name": "Fabien Potencier",
                    "email": "fabien@symfony.com"
                },
                {
                    "name": "Symfony Community",
                    "homepage": "https://symfony.com/contributors"
                }
            ],
            "description": "Symfony Console Component",
            "homepage": "https://symfony.com",
            "time": "2015-05-29 16:22:24"
        },
        {
            "name": "symfony/yaml",
            "version": "v3.2.6",
            "source": {
                "type": "git",
                "url": "https://github.com/symfony/yaml.git",
                "reference": "093e416ad096355149e265ea2e4cc1f9ee40ab1a"
            },
            "dist": {
                "type": "zip",
                "url": "https://api.github.com/repos/symfony/yaml/zipball/093e416ad096355149e265ea2e4cc1f9ee40ab1a",
                "reference": "093e416ad096355149e265ea2e4cc1f9ee40ab1a",
                "shasum": ""
            },
            "require": {
                "php": ">=5.5.9"
            },
            "require-dev": {
                "symfony/console": "~2.8|~3.0"
            },
            "suggest": {
                "symfony/console": "For validating YAML files using the lint command"
            },
            "type": "library",
            "extra": {
                "branch-alias": {
                    "dev-master": "3.2-dev"
                }
            },
            "autoload": {
                "psr-4": {
                    "Symfony\\Component\\Yaml\\": ""
                },
                "exclude-from-classmap": [
                    "/Tests/"
                ]
            },
            "notification-url": "https://packagist.org/downloads/",
            "license": [
                "MIT"
            ],
            "authors": [
                {
                    "name": "Fabien Potencier",
                    "email": "fabien@symfony.com"
                },
                {
                    "name": "Symfony Community",
                    "homepage": "https://symfony.com/contributors"
                }
            ],
            "description": "Symfony Yaml Component",
            "homepage": "https://symfony.com",
            "time": "2017-03-07 16:47:02"
        }
    ],
    "packages-dev": [
        {
            "name": "league/event",
            "version": "2.1.2",
            "source": {
                "type": "git",
                "url": "https://github.com/thephpleague/event.git",
                "reference": "e4bfc88dbcb60c8d8a2939a71f9813e141bbe4cd"
            },
            "dist": {
                "type": "zip",
                "url": "https://api.github.com/repos/thephpleague/event/zipball/e4bfc88dbcb60c8d8a2939a71f9813e141bbe4cd",
                "reference": "e4bfc88dbcb60c8d8a2939a71f9813e141bbe4cd",
                "shasum": ""
            },
            "require": {
                "php": ">=5.4.0"
            },
            "require-dev": {
                "henrikbjorn/phpspec-code-coverage": "~1.0.1",
                "phpspec/phpspec": "~2.0.0"
            },
            "type": "library",
            "extra": {
                "branch-alias": {
                    "dev-master": "2.2-dev"
                }
            },
            "autoload": {
                "psr-4": {
                    "League\\Event\\": "src/"
                }
            },
            "notification-url": "https://packagist.org/downloads/",
            "license": [
                "MIT"
            ],
            "authors": [
                {
                    "name": "Frank de Jonge",
                    "email": "info@frenky.net"
                }
            ],
            "description": "Event package",
            "keywords": [
                "emitter",
                "event",
                "listener"
            ],
            "time": "2015-05-21 12:24:47"
        },
        {
            "name": "macfja/phar-builder",
            "version": "0.2.5",
            "source": {
                "type": "git",
                "url": "https://github.com/MacFJA/PharBuilder.git",
                "reference": "0a5270b565242a99371ff94d2ebecb85b2854a1d"
            },
            "dist": {
                "type": "zip",
                "url": "https://api.github.com/repos/MacFJA/PharBuilder/zipball/0a5270b565242a99371ff94d2ebecb85b2854a1d",
                "reference": "0a5270b565242a99371ff94d2ebecb85b2854a1d",
                "shasum": ""
            },
            "require": {
                "league/event": "^2.1",
                "macfja/symfony-console-filechooser": "0.1",
                "neutron/signal-handler": "^1.0",
                "php": ">=5.4.0",
                "rych/bytesize": "~1.0",
                "symfony/console": "~2.7",
                "symfony/process": "^2.7 || ^3.0",
                "webignition/readable-duration": "^0.2"
            },
            "require-dev": {
                "phpmd/phpmd": "^2.4",
                "sebastian/phpcpd": "^2.0",
                "squizlabs/php_codesniffer": "^2.5"
            },
            "bin": [
                "bin/phar-builder",
                "bin/phar-builder.php"
            ],
            "type": "library",
            "extra": {
                "phar-builder": {
                    "entry-point": "bin/phar-builder.php",
                    "compression": "None",
                    "name": "phar-builder.phar",
                    "output-dir": "./",
                    "include": [
                        "bin"
                    ]
                }
            },
            "autoload": {
                "psr-4": {
                    "MacFJA\\PharBuilder\\": "app/"
                }
            },
            "notification-url": "https://packagist.org/downloads/",
            "license": [
                "MIT"
            ],
            "authors": [
                {
                    "name": "MacFJA"
                }
            ],
            "description": "CLI tool for create phar of your composer based project",
            "time": "2016-08-07 12:35:14"
        },
        {
            "name": "macfja/symfony-console-filechooser",
            "version": "0.1",
            "source": {
                "type": "git",
                "url": "https://github.com/MacFJA/Symfony-Console-Filechooser.git",
                "reference": "9d9db462a02d3dba1b1499e9f88d06a3aea40e2a"
            },
            "dist": {
                "type": "zip",
                "url": "https://api.github.com/repos/MacFJA/Symfony-Console-Filechooser/zipball/9d9db462a02d3dba1b1499e9f88d06a3aea40e2a",
                "reference": "9d9db462a02d3dba1b1499e9f88d06a3aea40e2a",
                "shasum": ""
            },
            "require": {
                "symfony/console": "~2.6",
                "symfony/finder": "~2.6"
            },
            "type": "library",
            "autoload": {
                "psr-4": {
                    "MacFJA\\Symfony\\Console\\Filechooser\\": "lib/"
                }
            },
            "notification-url": "https://packagist.org/downloads/",
            "license": [
                "MIT"
            ],
            "authors": [
                {
                    "name": "MacFJA"
                }
            ],
            "description": "Filechooser Helper for Symfony2 console (with autocompletion support)",
            "keywords": [
                "autocomplete",
                "autocompletion",
                "chooser",
                "console",
                "file",
                "filesystem",
                "interactive",
                "symfony"
            ],
            "time": "2015-09-23 18:04:52"
        },
        {
            "name": "neutron/signal-handler",
            "version": "1.0.1",
            "source": {
                "type": "git",
                "url": "https://github.com/romainneutron/signal-handler.git",
                "reference": "5f2069bf4a5901a65be51f57ea60779a279564c1"
            },
            "dist": {
                "type": "zip",
                "url": "https://api.github.com/repos/romainneutron/signal-handler/zipball/5f2069bf4a5901a65be51f57ea60779a279564c1",
                "reference": "5f2069bf4a5901a65be51f57ea60779a279564c1",
                "shasum": ""
            },
            "require": {
                "php": ">=5.3.3"
            },
            "require-dev": {
                "phpunit/phpunit": "~3.7"
            },
            "type": "library",
            "autoload": {
                "psr-0": {
                    "Neutron": "src"
                }
            },
            "notification-url": "https://packagist.org/downloads/",
            "license": [
                "MIT"
            ],
            "authors": [
                {
                    "name": "Romain Neutron",
                    "email": "imprec@gmail.com",
                    "homepage": "http://www.lickmychip.com/"
                }
            ],
            "description": "A library to ease the use of signal handling.",
            "keywords": [
                "signal"
            ],
            "time": "2014-01-15 17:24:13"
        },
        {
            "name": "psr/log",
            "version": "1.0.2",
            "source": {
                "type": "git",
                "url": "https://github.com/php-fig/log.git",
                "reference": "4ebe3a8bf773a19edfe0a84b6585ba3d401b724d"
            },
            "dist": {
                "type": "zip",
                "url": "https://api.github.com/repos/php-fig/log/zipball/4ebe3a8bf773a19edfe0a84b6585ba3d401b724d",
                "reference": "4ebe3a8bf773a19edfe0a84b6585ba3d401b724d",
                "shasum": ""
            },
            "require": {
                "php": ">=5.3.0"
            },
            "type": "library",
            "extra": {
                "branch-alias": {
                    "dev-master": "1.0.x-dev"
                }
            },
            "autoload": {
                "psr-4": {
                    "Psr\\Log\\": "Psr/Log/"
                }
            },
            "notification-url": "https://packagist.org/downloads/",
            "license": [
                "MIT"
            ],
            "authors": [
                {
                    "name": "PHP-FIG",
                    "homepage": "http://www.php-fig.org/"
                }
            ],
            "description": "Common interface for logging libraries",
            "homepage": "https://github.com/php-fig/log",
            "keywords": [
                "log",
                "psr",
                "psr-3"
            ],
            "time": "2016-10-10 12:19:37"
        },
        {
            "name": "rych/bytesize",
            "version": "v1.0.0",
            "source": {
                "type": "git",
                "url": "https://github.com/rchouinard/bytesize.git",
                "reference": "297e16ea047461b91e8d7eb90aa46aaa52917824"
            },
            "dist": {
                "type": "zip",
                "url": "https://api.github.com/repos/rchouinard/bytesize/zipball/297e16ea047461b91e8d7eb90aa46aaa52917824",
                "reference": "297e16ea047461b91e8d7eb90aa46aaa52917824",
                "shasum": ""
            },
            "require": {
                "ext-bcmath": "*",
                "php": ">=5.3.4"
            },
            "require-dev": {
                "phpunit/phpunit": "3.7.*"
            },
            "type": "library",
            "autoload": {
                "psr-4": {
                    "Rych\\ByteSize\\": "src/"
                }
            },
            "notification-url": "https://packagist.org/downloads/",
            "license": [
                "MIT"
            ],
            "authors": [
                {
                    "name": "Ryan Chouinard",
                    "email": "rchouinard@gmail.com",
                    "homepage": "http://ryanchouinard.com"
                }
            ],
            "description": "Utility component for nicely formatted file sizes.",
            "homepage": "https://github.com/rchouinard/bytesize",
            "keywords": [
                "filesize"
            ],
            "time": "2014-04-04 18:06:18"
        },
        {
            "name": "symfony/finder",
            "version": "v2.8.18",
            "source": {
                "type": "git",
                "url": "https://github.com/symfony/finder.git",
                "reference": "5fc4b5cab38b9d28be318fcffd8066988e7d9451"
            },
            "dist": {
                "type": "zip",
                "url": "https://api.github.com/repos/symfony/finder/zipball/5fc4b5cab38b9d28be318fcffd8066988e7d9451",
                "reference": "5fc4b5cab38b9d28be318fcffd8066988e7d9451",
                "shasum": ""
            },
            "require": {
                "php": ">=5.3.9"
            },
            "type": "library",
            "extra": {
                "branch-alias": {
                    "dev-master": "2.8-dev"
                }
            },
            "autoload": {
                "psr-4": {
                    "Symfony\\Component\\Finder\\": ""
                },
                "exclude-from-classmap": [
                    "/Tests/"
                ]
            },
            "notification-url": "https://packagist.org/downloads/",
            "license": [
                "MIT"
            ],
            "authors": [
                {
                    "name": "Fabien Potencier",
                    "email": "fabien@symfony.com"
                },
                {
                    "name": "Symfony Community",
                    "homepage": "https://symfony.com/contributors"
                }
            ],
            "description": "Symfony Finder Component",
            "homepage": "https://symfony.com",
            "time": "2017-02-21 08:33:48"
        },
        {
            "name": "symfony/process",
            "version": "v3.2.6",
            "source": {
                "type": "git",
                "url": "https://github.com/symfony/process.git",
                "reference": "68bfa8c83f24c0ac04ea7193bcdcda4519f41892"
            },
            "dist": {
                "type": "zip",
                "url": "https://api.github.com/repos/symfony/process/zipball/68bfa8c83f24c0ac04ea7193bcdcda4519f41892",
                "reference": "68bfa8c83f24c0ac04ea7193bcdcda4519f41892",
                "shasum": ""
            },
            "require": {
                "php": ">=5.5.9"
            },
            "type": "library",
            "extra": {
                "branch-alias": {
                    "dev-master": "3.2-dev"
                }
            },
            "autoload": {
                "psr-4": {
                    "Symfony\\Component\\Process\\": ""
                },
                "exclude-from-classmap": [
                    "/Tests/"
                ]
            },
            "notification-url": "https://packagist.org/downloads/",
            "license": [
                "MIT"
            ],
            "authors": [
                {
                    "name": "Fabien Potencier",
                    "email": "fabien@symfony.com"
                },
                {
                    "name": "Symfony Community",
                    "homepage": "https://symfony.com/contributors"
                }
            ],
            "description": "Symfony Process Component",
            "homepage": "https://symfony.com",
            "time": "2017-03-04 12:23:14"
        },
        {
            "name": "webignition/readable-duration",
            "version": "0.2",
            "source": {
                "type": "git",
                "url": "https://github.com/webignition/readable-duration.git",
                "reference": "fe7c33e259f82a015db69272e4eaa53c3f394230"
            },
            "dist": {
                "type": "zip",
                "url": "https://api.github.com/repos/webignition/readable-duration/zipball/fe7c33e259f82a015db69272e4eaa53c3f394230",
                "reference": "fe7c33e259f82a015db69272e4eaa53c3f394230",
                "shasum": ""
            },
            "require": {
                "php": ">=5.3.0"
            },
            "type": "library",
            "autoload": {
                "psr-0": {
                    "": "src/"
                }
            },
            "notification-url": "https://packagist.org/downloads/",
            "license": [
                "MIT"
            ],
            "authors": [
                {
                    "name": "Jon Cram",
                    "email": "jon@webignition.net"
                }
            ],
            "description": "Convert a value in seconds into a human-readable convenience duration",
            "homepage": "https://github.com/webignition/readable-duration",
            "keywords": [
                "duration",
                "humand-readable",
                "readable",
                "time"
            ],
            "time": "2013-03-28 15:26:25"
        }
    ],
    "aliases": [],
    "minimum-stability": "stable",
    "stability-flags": [],
    "prefer-stable": false,
    "prefer-lowest": false,
    "platform": [],
    "platform-dev": []
}
